
Microsoft Visual Studio Solution File, Format Version 12.00
# Visual Studio Version 16
VisualStudioVersion = 16.0.30011.22
MinimumVisualStudioVersion = 10.0.40219.1
Project("{888888A0-9F3D-457C-B088-3A5042F75D52}") = "TSNE-1", "TSNE-1.pyproj", "{7D960E91-1333-4927-9F75-3A4EC74E282D}"
EndProject
Global
	GlobalSection(SolutionConfigurationPlatforms) = preSolution
		Debug|Any CPU = Debug|Any CPU
		Release|Any CPU = Release|Any CPU
	EndGlobalSection
	GlobalSection(ProjectConfigurationPlatforms) = postSolution
		{7D960E91-1333-4927-9F75-3A4EC74E282D}.Debug|Any CPU.ActiveCfg = Debug|Any CPU
		{7D960E91-1333-4927-9F75-3A4EC74E282D}.Release|Any CPU.ActiveCfg = Release|Any CPU
	EndGlobalSection
	GlobalSection(SolutionProperties) = preSolution
		HideSolutionNode = FALSE
	EndGlobalSection
	GlobalSection(ExtensibilityGlobals) = postSolution
		SolutionGuid = {EED307E2-F8B9-46C1-BD91-E46EA2393A36}
	EndGlobalSection
EndGlobal
